{
    "_readme": [
        "This file locks the dependencies of your project to a known state",
        "Read more about it at https://getcomposer.org/doc/01-basic-usage.md#composer-lock-the-lock-file",
        "This file is @generated automatically"
    ],
    "hash": "64ad50b2bb085b9dbf2f31c40e48e957",
    "content-hash": "6e78565355d3f2023b87cadbecbae692",
    "packages": [
        {
            "name": "testing/cinstaller",
            "version": "dev-master",
            "source": {
                "type": "git",
                "url": "https://github.com/recyger/composer.git",
                "reference": "927faaed966191dcd711d3aaaee5391b9f46a292"
            },
            "dist": {
                "type": "zip",
                "url": "https://api.github.com/repos/recyger/composer/zipball/927faaed966191dcd711d3aaaee5391b9f46a292",
                "reference": "927faaed966191dcd711d3aaaee5391b9f46a292",
                "shasum": ""
            },
            "require": {
                "composer-plugin-api": "^1.0"
            },
            "type": "composer-plugin",
            "extra": {
                "class": "testing\\composer\\Plugin"
            },
            "autoload": {
                "psr-4": {
                    "testing\\composer\\": ""
                }
            },
            "notification-url": "http://packagist.itass.local/downloads/",
            "license": [
                "proprietary"
            ],
            "authors": [
                {
                    "name": "author's name",
                    "email": "email@example.com"
                }
            ],
            "description": "description_text",
            "time": "2016-04-01 14:16:23"
        },
        {
            "name": "testing/client",
            "version": "dev-master",
            "source": {
                "type": "git",
                "url": "git@github.com:recyger/client.git",
                "reference": "89fed2755096a2e4aa179397f7514974bd879dc7"
            },
            "dist": {
                "type": "zip",
                "url": "https://api.github.com/repos/recyger/client/zipball/89fed2755096a2e4aa179397f7514974bd879dc7",
                "reference": "89fed2755096a2e4aa179397f7514974bd879dc7",
                "shasum": ""
            },
            "require": {
                "testing/common": "dev-master",
                "testing/lib": "dev-master"
            },
            "type": "test-common-base",
            "autoload": {
                "psr-4": {
                    "testing\\": ""
                }
            },
            "notification-url": "http://packagist.itass.local/downloads/",
            "license": [
                "proprietary"
            ],
            "authors": [
                {
                    "name": "author's name",
                    "email": "email@example.com"
                }
            ],
            "description": "description_text",
            "time": "2016-04-01 15:02:30"
        },
        {
            "name": "testing/common",
            "version": "dev-master",
            "source": {
                "type": "git",
                "url": "https://github.com/recyger/common.git",
                "reference": "ece076b8e32f8cbec62c540039fd9725f4bf8c30"
            },
            "dist": {
                "type": "zip",
                "url": "https://api.github.com/repos/recyger/common/zipball/ece076b8e32f8cbec62c540039fd9725f4bf8c30",
                "reference": "ece076b8e32f8cbec62c540039fd9725f4bf8c30",
                "shasum": ""
            },
            "require": {
                "testing/cinstaller": "dev-master",
                "testing/client": "dev-master",
                "testing/lib": "dev-master"
            },
            "type": "test-common",
            "notification-url": "http://packagist.itass.local/downloads/",
            "license": [
                "proprietary"
            ],
            "authors": [
                {
                    "name": "author's name",
                    "email": "email@example.com"
                }
            ],
            "description": "description_text",
            "time": "2016-04-01 14:42:04"
        },
        {
            "name": "testing/lib",
            "version": "dev-master",
            "source": {
                "type": "git",
                "url": "git@github.com:recyger/lib.git",
                "reference": "03ea77f5a11c81b2865d8de5d5024e184c02581c"
            },
            "dist": {
                "type": "zip",
                "url": "https://api.github.com/repos/recyger/lib/zipball/03ea77f5a11c81b2865d8de5d5024e184c02581c",
                "reference": "03ea77f5a11c81b2865d8de5d5024e184c02581c",
                "shasum": ""
            },
            "type": "test-lib",
            "autoload": {
                "psr-4": {
                    "testing\\": ""
                }
            },
            "notification-url": "http://packagist.itass.local/downloads/",
            "license": [
                "proprietary"
            ],
            "authors": [
                {
                    "name": "author's name",
                    "email": "email@example.com"
                }
            ],
            "description": "description_text",
            "time": "2016-04-01 15:03:09"
        }
    ],
    "packages-dev": [],
    "aliases": [],
    "minimum-stability": "dev",
    "stability-flags": {
        "testing/common": 20
    },
    "prefer-stable": false,
    "prefer-lowest": false,
    "platform": [],
    "platform-dev": []
}
