{
    "_readme": [
        "This file locks the dependencies of your project to a known state",
        "Read more about it at https://getcomposer.org/doc/01-basic-usage.md#composer-lock-the-lock-file",
        "This file is @generated automatically"
    ],
    "hash": "64ad50b2bb085b9dbf2f31c40e48e957",
    "content-hash": "6e78565355d3f2023b87cadbecbae692",
    "packages": [
        {
            "name": "testing/cinstaller",
            "version": "dev-master",
            "source": {
                "type": "git",
                "url": "https://github.com/recyger/composer.git",
                "reference": "9e0f9c562969b0e3b28843e24f371397fb16e322"
            },
            "dist": {
                "type": "zip",
                "url": "https://api.github.com/repos/recyger/composer/zipball/9e0f9c562969b0e3b28843e24f371397fb16e322",
                "reference": "9e0f9c562969b0e3b28843e24f371397fb16e322",
                "shasum": ""
            },
            "require": {
                "composer-plugin-api": "^1.0"
            },
            "type": "composer-plugin",
            "extra": {
                "class": "testing\\composer\\Plugin"
            },
            "autoload": {
                "psr-4": {
                    "testing\\composer\\": ""
                }
            },
            "notification-url": "http://packagist.itass.local/downloads/",
            "license": [
                "proprietary"
            ],
            "authors": [
                {
                    "name": "author's name",
                    "email": "email@example.com"
                }
            ],
            "description": "description_text",
            "time": "2016-04-01 13:08:30"
        },
        {
            "name": "testing/common",
            "version": "dev-master",
            "source": {
                "type": "git",
                "url": "https://github.com/recyger/common.git",
                "reference": "3df696dcc0a8830bf8e85ab74cc22ffcec00b433"
            },
            "dist": {
                "type": "zip",
                "url": "https://api.github.com/repos/recyger/common/zipball/3df696dcc0a8830bf8e85ab74cc22ffcec00b433",
                "reference": "3df696dcc0a8830bf8e85ab74cc22ffcec00b433",
                "shasum": ""
            },
            "require": {
                "testing/cinstaller": "dev-master",
                "testing/lib": "dev-master"
            },
            "type": "test-common",
            "notification-url": "http://packagist.itass.local/downloads/",
            "license": [
                "proprietary"
            ],
            "authors": [
                {
                    "name": "author's name",
                    "email": "email@example.com"
                }
            ],
            "description": "description_text",
            "time": "2016-04-01 12:58:17"
        },
        {
            "name": "testing/lib",
            "version": "dev-master",
            "source": {
                "type": "git",
                "url": "https://github.com/recyger/lib.git",
                "reference": "4820df924382597b6d9e5387c5ad8d5d737786f8"
            },
            "dist": {
                "type": "zip",
                "url": "https://api.github.com/repos/recyger/lib/zipball/4820df924382597b6d9e5387c5ad8d5d737786f8",
                "reference": "4820df924382597b6d9e5387c5ad8d5d737786f8",
                "shasum": ""
            },
            "type": "test-lib",
            "notification-url": "http://packagist.itass.local/downloads/",
            "license": [
                "proprietary"
            ],
            "authors": [
                {
                    "name": "author's name",
                    "email": "email@example.com"
                }
            ],
            "description": "description_text",
            "time": "2016-04-01 11:52:37"
        }
    ],
    "packages-dev": [],
    "aliases": [],
    "minimum-stability": "dev",
    "stability-flags": {
        "testing/common": 20
    },
    "prefer-stable": false,
    "prefer-lowest": false,
    "platform": [],
    "platform-dev": []
}
