{
    "_readme": [
        "This file locks the dependencies of your project to a known state",
        "Read more about it at https://getcomposer.org/doc/01-basic-usage.md#composer-lock-the-lock-file",
        "This file is @generated automatically"
    ],
    "hash": "64ad50b2bb085b9dbf2f31c40e48e957",
    "content-hash": "6e78565355d3f2023b87cadbecbae692",
    "packages": [
        {
            "name": "recyger/client",
            "version": "dev-master",
            "source": {
                "type": "git",
                "url": "https://github.com/recyger/client.git",
                "reference": "f48cf20a374523cbf357512c8c584c725c212c65"
            },
            "dist": {
                "type": "zip",
                "url": "https://api.github.com/repos/recyger/client/zipball/f48cf20a374523cbf357512c8c584c725c212c65",
                "reference": "f48cf20a374523cbf357512c8c584c725c212c65",
                "shasum": ""
            },
            "require": {
                "recyger/common": "dev-master",
                "recyger/lib": "dev-master"
            },
            "type": "test-common-base",
            "license": [
                "proprietary"
            ],
            "authors": [
                {
                    "name": "author's name",
                    "email": "email@example.com"
                }
            ],
            "description": "description_text",
            "support": {
                "source": "https://github.com/recyger/client/tree/master",
                "issues": "https://github.com/recyger/client/issues"
            },
            "time": "2016-04-01 06:19:21"
        },
        {
            "name": "recyger/common",
            "version": "dev-master",
            "source": {
                "type": "git",
                "url": "https://github.com/recyger/common.git",
                "reference": "6b75f494d7e1f573e144c9e2f48d398450672921"
            },
            "dist": {
                "type": "zip",
                "url": "https://api.github.com/repos/recyger/common/zipball/6b75f494d7e1f573e144c9e2f48d398450672921",
                "reference": "6b75f494d7e1f573e144c9e2f48d398450672921",
                "shasum": ""
            },
            "require": {
                "recyger/client": "dev-master",
                "recyger/lib": "dev-master"
            },
            "type": "test-common",
            "license": [
                "proprietary"
            ],
            "authors": [
                {
                    "name": "author's name",
                    "email": "email@example.com"
                }
            ],
            "description": "description_text",
            "support": {
                "source": "https://github.com/recyger/common/tree/master",
                "issues": "https://github.com/recyger/common/issues"
            },
            "time": "2016-04-01 06:22:02"
        },
        {
            "name": "recyger/lib",
            "version": "dev-master",
            "source": {
                "type": "git",
                "url": "https://github.com/recyger/lib.git",
                "reference": "5187954310b262826f0b71e7d76a510fa309437d"
            },
            "dist": {
                "type": "zip",
                "url": "https://api.github.com/repos/recyger/lib/zipball/5187954310b262826f0b71e7d76a510fa309437d",
                "reference": "5187954310b262826f0b71e7d76a510fa309437d",
                "shasum": ""
            },
            "type": "test-lib",
            "license": [
                "proprietary"
            ],
            "authors": [
                {
                    "name": "author's name",
                    "email": "email@example.com"
                }
            ],
            "description": "description_text",
            "support": {
                "source": "https://github.com/recyger/lib/tree/master",
                "issues": "https://github.com/recyger/lib/issues"
            },
            "time": "2016-04-01 05:47:58"
        },
        {
            "name": "testing/common",
            "version": "dev-master",
            "source": {
                "type": "git",
                "url": "git@github.com:recyger/common.git",
                "reference": "d36f430e9f52ab7ff51fd4ee7c1275fa9f19b5a4"
            },
            "dist": {
                "type": "zip",
                "url": "https://api.github.com/repos/recyger/common/zipball/d36f430e9f52ab7ff51fd4ee7c1275fa9f19b5a4",
                "reference": "d36f430e9f52ab7ff51fd4ee7c1275fa9f19b5a4",
                "shasum": ""
            },
            "type": "test-common",
            "notification-url": "http://packagist.itass.local/downloads/",
            "license": [
                "proprietary"
            ],
            "authors": [
                {
                    "name": "author's name",
                    "email": "email@example.com"
                }
            ],
            "description": "description_text",
            "time": "2016-04-01 11:06:51"
        }
    ],
    "packages-dev": [],
    "aliases": [],
    "minimum-stability": "dev",
    "stability-flags": {
        "testing/common": 20
    },
    "prefer-stable": false,
    "prefer-lowest": false,
    "platform": [],
    "platform-dev": []
}
